
Microsoft Visual Studio Solution File, Format Version 12.00
# Visual Studio Version 17
VisualStudioVersion = 17.2.32516.85
MinimumVisualStudioVersion = 10.0.40219.1
Project("{FAE04EC0-301F-11D3-BF4B-00C04F79EFBC}") = "Ken's Console", "Ken's Console\Ken's Console.csproj", "{D229AD8F-3BB3-434F-92AB-081037C4E384}"
EndProject
Global
	GlobalSection(SolutionConfigurationPlatforms) = preSolution
		Debug|Any CPU = Debug|Any CPU
		Release|Any CPU = Release|Any CPU
	EndGlobalSection
	GlobalSection(ProjectConfigurationPlatforms) = postSolution
		{D229AD8F-3BB3-434F-92AB-081037C4E384}.Debug|Any CPU.ActiveCfg = Debug|Any CPU
		{D229AD8F-3BB3-434F-92AB-081037C4E384}.Debug|Any CPU.Build.0 = Debug|Any CPU
		{D229AD8F-3BB3-434F-92AB-081037C4E384}.Release|Any CPU.ActiveCfg = Release|Any CPU
		{D229AD8F-3BB3-434F-92AB-081037C4E384}.Release|Any CPU.Build.0 = Release|Any CPU
	EndGlobalSection
	GlobalSection(SolutionProperties) = preSolution
		HideSolutionNode = FALSE
	EndGlobalSection
	GlobalSection(ExtensibilityGlobals) = postSolution
		SolutionGuid = {F2189113-A4B2-4D13-9DBC-6161540C99A7}
	EndGlobalSection
EndGlobal
